
Microsoft Visual Studio Solution File, Format Version 12.00
# Visual Studio 15
VisualStudioVersion = 15.0.28010.2046
MinimumVisualStudioVersion = 10.0.40219.1
Project("{FAE04EC0-301F-11D3-BF4B-00C04F79EFBC}") = "App1.Android", "App1\App1.Android\App1.Android.csproj", "{39F4F2FF-CD9E-42A6-986F-D12B4135AEAC}"
EndProject
Project("{9A19103F-16F7-4668-BE54-9A1E7A4F7556}") = "App1", "App1\App1\App1.csproj", "{6A1FF0BC-8129-4D0A-9FC0-423C8A7DD6DE}"
EndProject
Project("{FAE04EC0-301F-11D3-BF4B-00C04F79EFBC}") = "UITest1", "UITest1\UITest1.csproj", "{B19C892E-2628-4CA7-AD27-08D406A3B14B}"
EndProject
Project("{FAE04EC0-301F-11D3-BF4B-00C04F79EFBC}") = "App1.iOS", "App1\App1.iOS\App1.iOS.csproj", "{532FD497-91E0-4C5F-A501-A0CDD4404578}"
EndProject
Global
	GlobalSection(SolutionConfigurationPlatforms) = preSolution
		Ad-Hoc|Any CPU = Ad-Hoc|Any CPU
		Ad-Hoc|iPhone = Ad-Hoc|iPhone
		Ad-Hoc|iPhoneSimulator = Ad-Hoc|iPhoneSimulator
		AppStore|Any CPU = AppStore|Any CPU
		AppStore|iPhone = AppStore|iPhone
		AppStore|iPhoneSimulator = AppStore|iPhoneSimulator
		Debug|Any CPU = Debug|Any CPU
		Debug|iPhone = Debug|iPhone
		Debug|iPhoneSimulator = Debug|iPhoneSimulator
		Release|Any CPU = Release|Any CPU
		Release|iPhone = Release|iPhone
		Release|iPhoneSimulator = Release|iPhoneSimulator
	EndGlobalSection
	GlobalSection(ProjectConfigurationPlatforms) = postSolution
		{39F4F2FF-CD9E-42A6-986F-D12B4135AEAC}.Ad-Hoc|Any CPU.ActiveCfg = Release|Any CPU
		{39F4F2FF-CD9E-42A6-986F-D12B4135AEAC}.Ad-Hoc|Any CPU.Build.0 = Release|Any CPU
		{39F4F2FF-CD9E-42A6-986F-D12B4135AEAC}.Ad-Hoc|Any CPU.Deploy.0 = Release|Any CPU
		{39F4F2FF-CD9E-42A6-986F-D12B4135AEAC}.Ad-Hoc|iPhone.ActiveCfg = Release|Any CPU
		{39F4F2FF-CD9E-42A6-986F-D12B4135AEAC}.Ad-Hoc|iPhone.Build.0 = Release|Any CPU
		{39F4F2FF-CD9E-42A6-986F-D12B4135AEAC}.Ad-Hoc|iPhone.Deploy.0 = Release|Any CPU
		{39F4F2FF-CD9E-42A6-986F-D12B4135AEAC}.Ad-Hoc|iPhoneSimulator.ActiveCfg = Release|Any CPU
		{39F4F2FF-CD9E-42A6-986F-D12B4135AEAC}.Ad-Hoc|iPhoneSimulator.Build.0 = Release|Any CPU
		{39F4F2FF-CD9E-42A6-986F-D12B4135AEAC}.Ad-Hoc|iPhoneSimulator.Deploy.0 = Release|Any CPU
		{39F4F2FF-CD9E-42A6-986F-D12B4135AEAC}.AppStore|Any CPU.ActiveCfg = Release|Any CPU
		{39F4F2FF-CD9E-42A6-986F-D12B4135AEAC}.AppStore|Any CPU.Build.0 = Release|Any CPU
		{39F4F2FF-CD9E-42A6-986F-D12B4135AEAC}.AppStore|Any CPU.Deploy.0 = Release|Any CPU
		{39F4F2FF-CD9E-42A6-986F-D12B4135AEAC}.AppStore|iPhone.ActiveCfg = Release|Any CPU
		{39F4F2FF-CD9E-42A6-986F-D12B4135AEAC}.AppStore|iPhone.Build.0 = Release|Any CPU
		{39F4F2FF-CD9E-42A6-986F-D12B4135AEAC}.AppStore|iPhone.Deploy.0 = Release|Any CPU
		{39F4F2FF-CD9E-42A6-986F-D12B4135AEAC}.AppStore|iPhoneSimulator.ActiveCfg = Release|Any CPU
		{39F4F2FF-CD9E-42A6-986F-D12B4135AEAC}.AppStore|iPhoneSimulator.Build.0 = Release|Any CPU
		{39F4F2FF-CD9E-42A6-986F-D12B4135AEAC}.AppStore|iPhoneSimulator.Deploy.0 = Release|Any CPU
		{39F4F2FF-CD9E-42A6-986F-D12B4135AEAC}.Debug|Any CPU.ActiveCfg = Debug|Any CPU
		{39F4F2FF-CD9E-42A6-986F-D12B4135AEAC}.Debug|Any CPU.Build.0 = Debug|Any CPU
		{39F4F2FF-CD9E-42A6-986F-D12B4135AEAC}.Debug|Any CPU.Deploy.0 = Debug|Any CPU
		{39F4F2FF-CD9E-42A6-986F-D12B4135AEAC}.Debug|iPhone.ActiveCfg = Debug|Any CPU
		{39F4F2FF-CD9E-42A6-986F-D12B4135AEAC}.Debug|iPhone.Build.0 = Debug|Any CPU
		{39F4F2FF-CD9E-42A6-986F-D12B4135AEAC}.Debug|iPhone.Deploy.0 = Debug|Any CPU
		{39F4F2FF-CD9E-42A6-986F-D12B4135AEAC}.Debug|iPhoneSimulator.ActiveCfg = Debug|Any CPU
		{39F4F2FF-CD9E-42A6-986F-D12B4135AEAC}.Debug|iPhoneSimulator.Build.0 = Debug|Any CPU
		{39F4F2FF-CD9E-42A6-986F-D12B4135AEAC}.Debug|iPhoneSimulator.Deploy.0 = Debug|Any CPU
		{39F4F2FF-CD9E-42A6-986F-D12B4135AEAC}.Release|Any CPU.ActiveCfg = Release|Any CPU
		{39F4F2FF-CD9E-42A6-986F-D12B4135AEAC}.Release|Any CPU.Build.0 = Release|Any CPU
		{39F4F2FF-CD9E-42A6-986F-D12B4135AEAC}.Release|Any CPU.Deploy.0 = Release|Any CPU
		{39F4F2FF-CD9E-42A6-986F-D12B4135AEAC}.Release|iPhone.ActiveCfg = Release|Any CPU
		{39F4F2FF-CD9E-42A6-986F-D12B4135AEAC}.Release|iPhone.Build.0 = Release|Any CPU
		{39F4F2FF-CD9E-42A6-986F-D12B4135AEAC}.Release|iPhone.Deploy.0 = Release|Any CPU
		{39F4F2FF-CD9E-42A6-986F-D12B4135AEAC}.Release|iPhoneSimulator.ActiveCfg = Release|Any CPU
		{39F4F2FF-CD9E-42A6-986F-D12B4135AEAC}.Release|iPhoneSimulator.Build.0 = Release|Any CPU
		{39F4F2FF-CD9E-42A6-986F-D12B4135AEAC}.Release|iPhoneSimulator.Deploy.0 = Release|Any CPU
		{6A1FF0BC-8129-4D0A-9FC0-423C8A7DD6DE}.Ad-Hoc|Any CPU.ActiveCfg = Debug|Any CPU
		{6A1FF0BC-8129-4D0A-9FC0-423C8A7DD6DE}.Ad-Hoc|Any CPU.Build.0 = Debug|Any CPU
		{6A1FF0BC-8129-4D0A-9FC0-423C8A7DD6DE}.Ad-Hoc|Any CPU.Deploy.0 = Debug|Any CPU
		{6A1FF0BC-8129-4D0A-9FC0-423C8A7DD6DE}.Ad-Hoc|iPhone.ActiveCfg = Debug|Any CPU
		{6A1FF0BC-8129-4D0A-9FC0-423C8A7DD6DE}.Ad-Hoc|iPhone.Build.0 = Debug|Any CPU
		{6A1FF0BC-8129-4D0A-9FC0-423C8A7DD6DE}.Ad-Hoc|iPhone.Deploy.0 = Debug|Any CPU
		{6A1FF0BC-8129-4D0A-9FC0-423C8A7DD6DE}.Ad-Hoc|iPhoneSimulator.ActiveCfg = Debug|Any CPU
		{6A1FF0BC-8129-4D0A-9FC0-423C8A7DD6DE}.Ad-Hoc|iPhoneSimulator.Build.0 = Debug|Any CPU
		{6A1FF0BC-8129-4D0A-9FC0-423C8A7DD6DE}.Ad-Hoc|iPhoneSimulator.Deploy.0 = Debug|Any CPU
		{6A1FF0BC-8129-4D0A-9FC0-423C8A7DD6DE}.AppStore|Any CPU.ActiveCfg = Debug|Any CPU
		{6A1FF0BC-8129-4D0A-9FC0-423C8A7DD6DE}.AppStore|Any CPU.Build.0 = Debug|Any CPU
		{6A1FF0BC-8129-4D0A-9FC0-423C8A7DD6DE}.AppStore|Any CPU.Deploy.0 = Debug|Any CPU
		{6A1FF0BC-8129-4D0A-9FC0-423C8A7DD6DE}.AppStore|iPhone.ActiveCfg = Debug|Any CPU
		{6A1FF0BC-8129-4D0A-9FC0-423C8A7DD6DE}.AppStore|iPhone.Build.0 = Debug|Any CPU
		{6A1FF0BC-8129-4D0A-9FC0-423C8A7DD6DE}.AppStore|iPhone.Deploy.0 = Debug|Any CPU
		{6A1FF0BC-8129-4D0A-9FC0-423C8A7DD6DE}.AppStore|iPhoneSimulator.ActiveCfg = Debug|Any CPU
		{6A1FF0BC-8129-4D0A-9FC0-423C8A7DD6DE}.AppStore|iPhoneSimulator.Build.0 = Debug|Any CPU
		{6A1FF0BC-8129-4D0A-9FC0-423C8A7DD6DE}.AppStore|iPhoneSimulator.Deploy.0 = Debug|Any CPU
		{6A1FF0BC-8129-4D0A-9FC0-423C8A7DD6DE}.Debug|Any CPU.ActiveCfg = Debug|Any CPU
		{6A1FF0BC-8129-4D0A-9FC0-423C8A7DD6DE}.Debug|Any CPU.Build.0 = Debug|Any CPU
		{6A1FF0BC-8129-4D0A-9FC0-423C8A7DD6DE}.Debug|Any CPU.Deploy.0 = Debug|Any CPU
		{6A1FF0BC-8129-4D0A-9FC0-423C8A7DD6DE}.Debug|iPhone.ActiveCfg = Debug|Any CPU
		{6A1FF0BC-8129-4D0A-9FC0-423C8A7DD6DE}.Debug|iPhone.Build.0 = Debug|Any CPU
		{6A1FF0BC-8129-4D0A-9FC0-423C8A7DD6DE}.Debug|iPhone.Deploy.0 = Debug|Any CPU
		{6A1FF0BC-8129-4D0A-9FC0-423C8A7DD6DE}.Debug|iPhoneSimulator.ActiveCfg = Debug|Any CPU
		{6A1FF0BC-8129-4D0A-9FC0-423C8A7DD6DE}.Debug|iPhoneSimulator.Build.0 = Debug|Any CPU
		{6A1FF0BC-8129-4D0A-9FC0-423C8A7DD6DE}.Debug|iPhoneSimulator.Deploy.0 = Debug|Any CPU
		{6A1FF0BC-8129-4D0A-9FC0-423C8A7DD6DE}.Release|Any CPU.ActiveCfg = Release|Any CPU
		{6A1FF0BC-8129-4D0A-9FC0-423C8A7DD6DE}.Release|Any CPU.Build.0 = Release|Any CPU
		{6A1FF0BC-8129-4D0A-9FC0-423C8A7DD6DE}.Release|Any CPU.Deploy.0 = Release|Any CPU
		{6A1FF0BC-8129-4D0A-9FC0-423C8A7DD6DE}.Release|iPhone.ActiveCfg = Release|Any CPU
		{6A1FF0BC-8129-4D0A-9FC0-423C8A7DD6DE}.Release|iPhone.Build.0 = Release|Any CPU
		{6A1FF0BC-8129-4D0A-9FC0-423C8A7DD6DE}.Release|iPhone.Deploy.0 = Release|Any CPU
		{6A1FF0BC-8129-4D0A-9FC0-423C8A7DD6DE}.Release|iPhoneSimulator.ActiveCfg = Release|Any CPU
		{6A1FF0BC-8129-4D0A-9FC0-423C8A7DD6DE}.Release|iPhoneSimulator.Build.0 = Release|Any CPU
		{6A1FF0BC-8129-4D0A-9FC0-423C8A7DD6DE}.Release|iPhoneSimulator.Deploy.0 = Release|Any CPU
		{B19C892E-2628-4CA7-AD27-08D406A3B14B}.Ad-Hoc|Any CPU.ActiveCfg = Release|Any CPU
		{B19C892E-2628-4CA7-AD27-08D406A3B14B}.Ad-Hoc|Any CPU.Build.0 = Release|Any CPU
		{B19C892E-2628-4CA7-AD27-08D406A3B14B}.Ad-Hoc|iPhone.ActiveCfg = Release|Any CPU
		{B19C892E-2628-4CA7-AD27-08D406A3B14B}.Ad-Hoc|iPhone.Build.0 = Release|Any CPU
		{B19C892E-2628-4CA7-AD27-08D406A3B14B}.Ad-Hoc|iPhoneSimulator.ActiveCfg = Release|Any CPU
		{B19C892E-2628-4CA7-AD27-08D406A3B14B}.Ad-Hoc|iPhoneSimulator.Build.0 = Release|Any CPU
		{B19C892E-2628-4CA7-AD27-08D406A3B14B}.AppStore|Any CPU.ActiveCfg = Release|Any CPU
		{B19C892E-2628-4CA7-AD27-08D406A3B14B}.AppStore|Any CPU.Build.0 = Release|Any CPU
		{B19C892E-2628-4CA7-AD27-08D406A3B14B}.AppStore|iPhone.ActiveCfg = Release|Any CPU
		{B19C892E-2628-4CA7-AD27-08D406A3B14B}.AppStore|iPhone.Build.0 = Release|Any CPU
		{B19C892E-2628-4CA7-AD27-08D406A3B14B}.AppStore|iPhoneSimulator.ActiveCfg = Release|Any CPU
		{B19C892E-2628-4CA7-AD27-08D406A3B14B}.AppStore|iPhoneSimulator.Build.0 = Release|Any CPU
		{B19C892E-2628-4CA7-AD27-08D406A3B14B}.Debug|Any CPU.ActiveCfg = Debug|Any CPU
		{B19C892E-2628-4CA7-AD27-08D406A3B14B}.Debug|Any CPU.Build.0 = Debug|Any CPU
		{B19C892E-2628-4CA7-AD27-08D406A3B14B}.Debug|iPhone.ActiveCfg = Debug|Any CPU
		{B19C892E-2628-4CA7-AD27-08D406A3B14B}.Debug|iPhone.Build.0 = Debug|Any CPU
		{B19C892E-2628-4CA7-AD27-08D406A3B14B}.Debug|iPhoneSimulator.ActiveCfg = Debug|Any CPU
		{B19C892E-2628-4CA7-AD27-08D406A3B14B}.Debug|iPhoneSimulator.Build.0 = Debug|Any CPU
		{B19C892E-2628-4CA7-AD27-08D406A3B14B}.Release|Any CPU.ActiveCfg = Release|Any CPU
		{B19C892E-2628-4CA7-AD27-08D406A3B14B}.Release|Any CPU.Build.0 = Release|Any CPU
		{B19C892E-2628-4CA7-AD27-08D406A3B14B}.Release|iPhone.ActiveCfg = Release|Any CPU
		{B19C892E-2628-4CA7-AD27-08D406A3B14B}.Release|iPhone.Build.0 = Release|Any CPU
		{B19C892E-2628-4CA7-AD27-08D406A3B14B}.Release|iPhoneSimulator.ActiveCfg = Release|Any CPU
		{B19C892E-2628-4CA7-AD27-08D406A3B14B}.Release|iPhoneSimulator.Build.0 = Release|Any CPU
		{532FD497-91E0-4C5F-A501-A0CDD4404578}.Ad-Hoc|Any CPU.ActiveCfg = Ad-Hoc|iPhone
		{532FD497-91E0-4C5F-A501-A0CDD4404578}.Ad-Hoc|iPhone.ActiveCfg = Ad-Hoc|iPhone
		{532FD497-91E0-4C5F-A501-A0CDD4404578}.Ad-Hoc|iPhone.Build.0 = Ad-Hoc|iPhone
		{532FD497-91E0-4C5F-A501-A0CDD4404578}.Ad-Hoc|iPhoneSimulator.ActiveCfg = Ad-Hoc|iPhoneSimulator
		{532FD497-91E0-4C5F-A501-A0CDD4404578}.Ad-Hoc|iPhoneSimulator.Build.0 = Ad-Hoc|iPhoneSimulator
		{532FD497-91E0-4C5F-A501-A0CDD4404578}.AppStore|Any CPU.ActiveCfg = AppStore|iPhone
		{532FD497-91E0-4C5F-A501-A0CDD4404578}.AppStore|iPhone.ActiveCfg = AppStore|iPhone
		{532FD497-91E0-4C5F-A501-A0CDD4404578}.AppStore|iPhone.Build.0 = AppStore|iPhone
		{532FD497-91E0-4C5F-A501-A0CDD4404578}.AppStore|iPhoneSimulator.ActiveCfg = AppStore|iPhoneSimulator
		{532FD497-91E0-4C5F-A501-A0CDD4404578}.AppStore|iPhoneSimulator.Build.0 = AppStore|iPhoneSimulator
		{532FD497-91E0-4C5F-A501-A0CDD4404578}.Debug|Any CPU.ActiveCfg = Debug|iPhone
		{532FD497-91E0-4C5F-A501-A0CDD4404578}.Debug|iPhone.ActiveCfg = Debug|iPhone
		{532FD497-91E0-4C5F-A501-A0CDD4404578}.Debug|iPhone.Build.0 = Debug|iPhone
		{532FD497-91E0-4C5F-A501-A0CDD4404578}.Debug|iPhoneSimulator.ActiveCfg = Debug|iPhoneSimulator
		{532FD497-91E0-4C5F-A501-A0CDD4404578}.Debug|iPhoneSimulator.Build.0 = Debug|iPhoneSimulator
		{532FD497-91E0-4C5F-A501-A0CDD4404578}.Release|Any CPU.ActiveCfg = Release|iPhone
		{532FD497-91E0-4C5F-A501-A0CDD4404578}.Release|iPhone.ActiveCfg = Release|iPhone
		{532FD497-91E0-4C5F-A501-A0CDD4404578}.Release|iPhone.Build.0 = Release|iPhone
		{532FD497-91E0-4C5F-A501-A0CDD4404578}.Release|iPhoneSimulator.ActiveCfg = Release|iPhoneSimulator
		{532FD497-91E0-4C5F-A501-A0CDD4404578}.Release|iPhoneSimulator.Build.0 = Release|iPhoneSimulator
	EndGlobalSection
	GlobalSection(SolutionProperties) = preSolution
		HideSolutionNode = FALSE
	EndGlobalSection
	GlobalSection(ExtensibilityGlobals) = postSolution
		SolutionGuid = {B27E71C0-EC90-4918-893B-4C0092ECC3D1}
	EndGlobalSection
EndGlobal
